{
  "name": "codekit-project",
  "version": "1.0.0",
  "lockfileVersion": 1,
  "requires": true,
  "dependencies": {
    "gsap": {
      "version": "file:gsap-bonus.tgz",
      "integrity": "sha512-AkVycF1AK9LzGtuCdIL2ZLI3uMBd64hLkKoKKk4nbFoTsfjF8Sx7jrR/H9tF0qwybsTU+GPXSoIXfBQwDwW79A=="
    }
  }
}
